
Microsoft Visual Studio Solution File, Format Version 12.00
# Visual Studio Version 17
VisualStudioVersion = 17.4.33122.133
MinimumVisualStudioVersion = 10.0.40219.1
Project("{FAE04EC0-301F-11D3-BF4B-00C04F79EFBC}") = "WebApplication1", "WebApplication1\WebApplication1.csproj", "{98FE3666-FFED-4C21-B335-FB86AAEF366D}"
EndProject
Global
	GlobalSection(SolutionConfigurationPlatforms) = preSolution
		Debug|Any CPU = Debug|Any CPU
		Release|Any CPU = Release|Any CPU
	EndGlobalSection
	GlobalSection(ProjectConfigurationPlatforms) = postSolution
		{98FE3666-FFED-4C21-B335-FB86AAEF366D}.Debug|Any CPU.ActiveCfg = Debug|Any CPU
		{98FE3666-FFED-4C21-B335-FB86AAEF366D}.Debug|Any CPU.Build.0 = Debug|Any CPU
		{98FE3666-FFED-4C21-B335-FB86AAEF366D}.Release|Any CPU.ActiveCfg = Release|Any CPU
		{98FE3666-FFED-4C21-B335-FB86AAEF366D}.Release|Any CPU.Build.0 = Release|Any CPU
	EndGlobalSection
	GlobalSection(SolutionProperties) = preSolution
		HideSolutionNode = FALSE
	EndGlobalSection
	GlobalSection(ExtensibilityGlobals) = postSolution
		SolutionGuid = {64FCFEA1-B29E-4802-BB7B-F8634E526974}
	EndGlobalSection
EndGlobal
